
Microsoft Visual Studio Solution File, Format Version 12.00
# Visual Studio Version 16
VisualStudioVersion = 16.0.31702.278
MinimumVisualStudioVersion = 10.0.40219.1
Project("{FAE04EC0-301F-11D3-BF4B-00C04F79EFBC}") = "NHA.CRM.Interview", "NHA.CRM.Interview\NHA.CRM.Interview.csproj", "{A6FB7421-7CB1-449A-8D56-0E02C4EB1EE0}"
EndProject
Project("{FAE04EC0-301F-11D3-BF4B-00C04F79EFBC}") = "NHA.CRM.Interview.Tests", "NHA.CRM.Interview.Tests\NHA.CRM.Interview.Tests.csproj", "{7E68D3EF-C19A-47C3-9497-6E7109DF8E31}"
EndProject
Global
	GlobalSection(SolutionConfigurationPlatforms) = preSolution
		Debug|Any CPU = Debug|Any CPU
		Release|Any CPU = Release|Any CPU
	EndGlobalSection
	GlobalSection(ProjectConfigurationPlatforms) = postSolution
		{A6FB7421-7CB1-449A-8D56-0E02C4EB1EE0}.Debug|Any CPU.ActiveCfg = Debug|Any CPU
		{A6FB7421-7CB1-449A-8D56-0E02C4EB1EE0}.Debug|Any CPU.Build.0 = Debug|Any CPU
		{A6FB7421-7CB1-449A-8D56-0E02C4EB1EE0}.Release|Any CPU.ActiveCfg = Release|Any CPU
		{A6FB7421-7CB1-449A-8D56-0E02C4EB1EE0}.Release|Any CPU.Build.0 = Release|Any CPU
		{7E68D3EF-C19A-47C3-9497-6E7109DF8E31}.Debug|Any CPU.ActiveCfg = Debug|Any CPU
		{7E68D3EF-C19A-47C3-9497-6E7109DF8E31}.Debug|Any CPU.Build.0 = Debug|Any CPU
		{7E68D3EF-C19A-47C3-9497-6E7109DF8E31}.Release|Any CPU.ActiveCfg = Release|Any CPU
		{7E68D3EF-C19A-47C3-9497-6E7109DF8E31}.Release|Any CPU.Build.0 = Release|Any CPU
	EndGlobalSection
	GlobalSection(SolutionProperties) = preSolution
		HideSolutionNode = FALSE
	EndGlobalSection
	GlobalSection(ExtensibilityGlobals) = postSolution
		SolutionGuid = {ABA42912-4CA3-4734-B27F-F53AB32ED98E}
	EndGlobalSection
EndGlobal
